// !$*UTF8*$!
{
	archiveVersion = 1;
	classes = {
	};
	objectVersion = 46;
	objects = {

/* Begin PBXBuildFile section */
		39ABAD231B68CDBB00FF2352 /* MyListener.m in Sources */ = {isa = PBXBuildFile; fileRef = 39ABAD221B68CDBB00FF2352 /* MyListener.m */; };
		39EEC0A31B679F67006A16F3 /* main.m in Sources */ = {isa = PBXBuildFile; fileRef = 39EEC0A21B679F67006A16F3 /* main.m */; };
		39EEC0B11B679FF2006A16F3 /* Person.m in Sources */ = {isa = PBXBuildFile; fileRef = 39EEC0B01B679FF2006A16F3 /* Person.m */; };
		39EEC0B41B67A26F006A16F3 /* KCButton.m in Sources */ = {isa = PBXBuildFile; fileRef = 39EEC0B31B67A26F006A16F3 /* KCButton.m */; };
/* End PBXBuildFile section */

/* Begin PBXCopyFilesBuildPhase section */
		39EEC09D1B679F67006A16F3 /* CopyFiles */ = {
			isa = PBXCopyFilesBuildPhase;
			buildActionMask = 2147483647;
			dstPath = /usr/share/man/man1/;
			dstSubfolderSpec = 0;
			files = (
			);
			runOnlyForDeploymentPostprocessing = 1;
		};
/* End PBXCopyFilesBuildPhase section */

/* Begin PBXFileReference section */
		39ABAD211B68CDBB00FF2352 /* MyListener.h */ = {isa = PBXFileReference; fileEncoding = 4; lastKnownFileType = sourcecode.c.h; path = MyListener.h; sourceTree = "<group>"; };
		39ABAD221B68CDBB00FF2352 /* MyListener.m */ = {isa = PBXFileReference; fileEncoding = 4; lastKnownFileType = sourcecode.c.objc; path = MyListener.m; sourceTree = "<group>"; };
		39EEC09F1B679F67006A16F3 /* protocol */ = {isa = PBXFileReference; explicitFileType = "compiled.mach-o.executable"; includeInIndex = 0; path = protocol; sourceTree = BUILT_PRODUCTS_DIR; };
		39EEC0A21B679F67006A16F3 /* main.m */ = {isa = PBXFileReference; lastKnownFileType = sourcecode.c.objc; path = main.m; sourceTree = "<group>"; };
		39EEC0AC1B679FAA006A16F3 /* AnimalDelegate.h */ = {isa = PBXFileReference; fileEncoding = 4; lastKnownFileType = sourcecode.c.h; path = AnimalDelegate.h; sourceTree = "<group>"; };
		39EEC0AF1B679FF2006A16F3 /* Person.h */ = {isa = PBXFileReference; fileEncoding = 4; lastKnownFileType = sourcecode.c.h; path = Person.h; sourceTree = "<group>"; };
		39EEC0B01B679FF2006A16F3 /* Person.m */ = {isa = PBXFileReference; fileEncoding = 4; lastKnownFileType = sourcecode.c.objc; path = Person.m; sourceTree = "<group>"; };
		39EEC0B21B67A26F006A16F3 /* KCButton.h */ = {isa = PBXFileReference; fileEncoding = 4; lastKnownFileType = sourcecode.c.h; path = KCButton.h; sourceTree = "<group>"; };
		39EEC0B31B67A26F006A16F3 /* KCButton.m */ = {isa = PBXFileReference; fileEncoding = 4; lastKnownFileType = sourcecode.c.objc; path = KCButton.m; sourceTree = "<group>"; };
/* End PBXFileReference section */

/* Begin PBXFrameworksBuildPhase section */
		39EEC09C1B679F67006A16F3 /* Frameworks */ = {
			isa = PBXFrameworksBuildPhase;
			buildActionMask = 2147483647;
			files = (
			);
			runOnlyForDeploymentPostprocessing = 0;
		};
/* End PBXFrameworksBuildPhase section */

/* Begin PBXGroup section */
		39EEC0961B679F67006A16F3 = {
			isa = PBXGroup;
			children = (
				39EEC0A11B679F67006A16F3 /* protocol */,
				39EEC0A01B679F67006A16F3 /* Products */,
			);
			sourceTree = "<group>";
		};
		39EEC0A01B679F67006A16F3 /* Products */ = {
			isa = PBXGroup;
			children = (
				39EEC09F1B679F67006A16F3 /* protocol */,
			);
			name = Products;
			sourceTree = "<group>";
		};
		39EEC0A11B679F67006A16F3 /* protocol */ = {
			isa = PBXGroup;
			children = (
				39EEC0A21B679F67006A16F3 /* main.m */,
				39EEC0AC1B679FAA006A16F3 /* AnimalDelegate.h */,
				39EEC0AF1B679FF2006A16F3 /* Person.h */,
				39EEC0B01B679FF2006A16F3 /* Person.m */,
				39EEC0B21B67A26F006A16F3 /* KCButton.h */,
				39EEC0B31B67A26F006A16F3 /* KCButton.m */,
				39ABAD211B68CDBB00FF2352 /* MyListener.h */,
				39ABAD221B68CDBB00FF2352 /* MyListener.m */,
			);
			path = protocol;
			sourceTree = "<group>";
		};
/* End PBXGroup section */

/* Begin PBXNativeTarget section */
		39EEC09E1B679F67006A16F3 /* protocol */ = {
			isa = PBXNativeTarget;
			buildConfigurationList = 39EEC0A61B679F67006A16F3 /* Build configuration list for PBXNativeTarget "protocol" */;
			buildPhases = (
				39EEC09B1B679F67006A16F3 /* Sources */,
				39EEC09C1B679F67006A16F3 /* Frameworks */,
				39EEC09D1B679F67006A16F3 /* CopyFiles */,
			);
			buildRules = (
			);
			dependencies = (
			);
			name = protocol;
			productName = protocol;
			productReference = 39EEC09F1B679F67006A16F3 /* protocol */;
			productType = "com.apple.product-type.tool";
		};
/* End PBXNativeTarget section */

/* Begin PBXProject section */
		39EEC0971B679F67006A16F3 /* Project object */ = {
			isa = PBXProject;
			attributes = {
				LastUpgradeCheck = 0640;
				ORGANIZATIONNAME = TTS;
				TargetAttributes = {
					39EEC09E1B679F67006A16F3 = {
						CreatedOnToolsVersion = 6.4;
					};
				};
			};
			buildConfigurationList = 39EEC09A1B679F67006A16F3 /* Build configuration list for PBXProject "protocol" */;
			compatibilityVersion = "Xcode 3.2";
			developmentRegion = English;
			hasScannedForEncodings = 0;
			knownRegions = (
				en,
			);
			mainGroup = 39EEC0961B679F67006A16F3;
			productRefGroup = 39EEC0A01B679F67006A16F3 /* Products */;
			projectDirPath = "";
			projectRoot = "";
			targets = (
				39EEC09E1B679F67006A16F3 /* protocol */,
			);
		};
/* End PBXProject section */

/* Begin PBXSourcesBuildPhase section */
		39EEC09B1B679F67006A16F3 /* Sources */ = {
			isa = PBXSourcesBuildPhase;
			buildActionMask = 2147483647;
			files = (
				39EEC0B11B679FF2006A16F3 /* Person.m in Sources */,
				39EEC0B41B67A26F006A16F3 /* KCButton.m in Sources */,
				39EEC0A31B679F67006A16F3 /* main.m in Sources */,
				39ABAD231B68CDBB00FF2352 /* MyListener.m in Sources */,
			);
			runOnlyForDeploymentPostprocessing = 0;
		};
/* End PBXSourcesBuildPhase section */

/* Begin XCBuildConfiguration section */
		39EEC0A41B679F67006A16F3 /* Debug */ = {
			isa = XCBuildConfiguration;
			buildSettings = {
				ALWAYS_SEARCH_USER_PATHS = NO;
				CLANG_CXX_LANGUAGE_STANDARD = "gnu++0x";
				CLANG_CXX_LIBRARY = "libc++";
				CLANG_ENABLE_MODULES = YES;
				CLANG_ENABLE_OBJC_ARC = YES;
				CLANG_WARN_BOOL_CONVERSION = YES;
				CLANG_WARN_CONSTANT_CONVERSION = YES;
				CLANG_WARN_DIRECT_OBJC_ISA_USAGE = YES_ERROR;
				CLANG_WARN_EMPTY_BODY = YES;
				CLANG_WARN_ENUM_CONVERSION = YES;
				CLANG_WARN_INT_CONVERSION = YES;
				CLANG_WARN_OBJC_ROOT_CLASS = YES_ERROR;
				CLANG_WARN_UNREACHABLE_CODE = YES;
				CLANG_WARN__DUPLICATE_METHOD_MATCH = YES;
				COPY_PHASE_STRIP = NO;
				DEBUG_INFORMATION_FORMAT = dwarf;
				ENABLE_STRICT_OBJC_MSGSEND = YES;
				GCC_C_LANGUAGE_STANDARD = gnu99;
				GCC_DYNAMIC_NO_PIC = NO;
				GCC_NO_COMMON_BLOCKS = YES;
				GCC_OPTIMIZATION_LEVEL = 0;
				GCC_PREPROCESSOR_DEFINITIONS = (
					"DEBUG=1",
					"$(inherited)",
				);
				GCC_SYMBOLS_PRIVATE_EXTERN = NO;
				GCC_WARN_64_TO_32_BIT_CONVERSION = YES;
				GCC_WARN_ABOUT_RETURN_TYPE = YES_ERROR;
				GCC_WARN_UNDECLARED_SELECTOR = YES;
				GCC_WARN_UNINITIALIZED_AUTOS = YES_AGGRESSIVE;
				GCC_WARN_UNUSED_FUNCTION = YES;
				GCC_WARN_UNUSED_VARIABLE = YES;
				MACOSX_DEPLOYMENT_TARGET = 10.10;
				MTL_ENABLE_DEBUG_INFO = YES;
				ONLY_ACTIVE_ARCH = YES;
				SDKROOT = macosx;
			};
			name = Debug;
		};
		39EEC0A51B679F67006A16F3 /* Release */ = {
			isa = XCBuildConfiguration;
			buildSettings = {
				ALWAYS_SEARCH_USER_PATHS = NO;
				CLANG_CXX_LANGUAGE_STANDARD = "gnu++0x";
				CLANG_CXX_LIBRARY = "libc++";
				CLANG_ENABLE_MODULES = YES;
				CLANG_ENABLE_OBJC_ARC = YES;
				CLANG_WARN_BOOL_CONVERSION = YES;
				CLANG_WARN_CONSTANT_CONVERSION = YES;
				CLANG_WARN_DIRECT_OBJC_ISA_USAGE = YES_ERROR;
				CLANG_WARN_EMPTY_BODY = YES;
				CLANG_WARN_ENUM_CONVERSION = YES;
				CLANG_WARN_INT_CONVERSION = YES;
				CLANG_WARN_OBJC_ROOT_CLASS = YES_ERROR;
				CLANG_WARN_UNREACHABLE_CODE = YES;
				CLANG_WARN__DUPLICATE_METHOD_MATCH = YES;
				COPY_PHASE_STRIP = NO;
				DEBUG_INFORMATION_FORMAT = "dwarf-with-dsym";
				ENABLE_NS_ASSERTIONS = NO;
				ENABLE_STRICT_OBJC_MSGSEND = YES;
				GCC_C_LANGUAGE_STANDARD = gnu99;
				GCC_NO_COMMON_BLOCKS = YES;
				GCC_WARN_64_TO_32_BIT_CONVERSION = YES;
				GCC_WARN_ABOUT_RETURN_TYPE = YES_ERROR;
				GCC_WARN_UNDECLARED_SELECTOR = YES;
				GCC_WARN_UNINITIALIZED_AUTOS = YES_AGGRESSIVE;
				GCC_WARN_UNUSED_FUNCTION = YES;
				GCC_WARN_UNUSED_VARIABLE = YES;
				MACOSX_DEPLOYMENT_TARGET = 10.10;
				MTL_ENABLE_DEBUG_INFO = NO;
				SDKROOT = macosx;
			};
			name = Release;
		};
		39EEC0A71B679F67006A16F3 /* Debug */ = {
			isa = XCBuildConfiguration;
			buildSettings = {
				PRODUCT_NAME = "$(TARGET_NAME)";
			};
			name = Debug;
		};
		39EEC0A81B679F67006A16F3 /* Release */ = {
			isa = XCBuildConfiguration;
			buildSettings = {
				PRODUCT_NAME = "$(TARGET_NAME)";
			};
			name = Release;
		};
/* End XCBuildConfiguration section */

/* Begin XCConfigurationList section */
		39EEC09A1B679F67006A16F3 /* Build configuration list for PBXProject "protocol" */ = {
			isa = XCConfigurationList;
			buildConfigurations = (
				39EEC0A41B679F67006A16F3 /* Debug */,
				39EEC0A51B679F67006A16F3 /* Release */,
			);
			defaultConfigurationIsVisible = 0;
			defaultConfigurationName = Release;
		};
		39EEC0A61B679F67006A16F3 /* Build configuration list for PBXNativeTarget "protocol" */ = {
			isa = XCConfigurationList;
			buildConfigurations = (
				39EEC0A71B679F67006A16F3 /* Debug */,
				39EEC0A81B679F67006A16F3 /* Release */,
			);
			defaultConfigurationIsVisible = 0;
			defaultConfigurationName = Release;
		};
/* End XCConfigurationList section */
	};
	rootObject = 39EEC0971B679F67006A16F3 /* Project object */;
}
